
Microsoft Visual Studio Solution File, Format Version 12.00
# Visual Studio Version 17
VisualStudioVersion = 17.8.34511.84
MinimumVisualStudioVersion = 10.0.40219.1
Project("{2150E333-8FDC-42A3-9474-1A3956D46DE8}") = "src", "src", "{B2BAB15E-2FDA-4770-8F9A-8B97C3B8CF34}"
EndProject
Project("{FAE04EC0-301F-11D3-BF4B-00C04F79EFBC}") = "MinimalApi2.Aws", "src\MinimalApi2.Aws\MinimalApi2.Aws.csproj", "{1D5B2510-7140-4475-AF95-F1099064F451}"
EndProject
Global
	GlobalSection(SolutionConfigurationPlatforms) = preSolution
		Debug|Any CPU = Debug|Any CPU
		Release|Any CPU = Release|Any CPU
	EndGlobalSection
	GlobalSection(ProjectConfigurationPlatforms) = postSolution
		{1D5B2510-7140-4475-AF95-F1099064F451}.Debug|Any CPU.ActiveCfg = Debug|Any CPU
		{1D5B2510-7140-4475-AF95-F1099064F451}.Debug|Any CPU.Build.0 = Debug|Any CPU
		{1D5B2510-7140-4475-AF95-F1099064F451}.Release|Any CPU.ActiveCfg = Release|Any CPU
		{1D5B2510-7140-4475-AF95-F1099064F451}.Release|Any CPU.Build.0 = Release|Any CPU
	EndGlobalSection
	GlobalSection(SolutionProperties) = preSolution
		HideSolutionNode = FALSE
	EndGlobalSection
	GlobalSection(NestedProjects) = preSolution
		{1D5B2510-7140-4475-AF95-F1099064F451} = {B2BAB15E-2FDA-4770-8F9A-8B97C3B8CF34}
	EndGlobalSection
	GlobalSection(ExtensibilityGlobals) = postSolution
		SolutionGuid = {E440D9D1-8C25-4D74-A78A-F1E679F19581}
	EndGlobalSection
EndGlobal
